
Microsoft Visual Studio Solution File, Format Version 12.00
Project("{FAE04EC0-301F-11D3-BF4B-00C04F79EFBC}") = "Ecommerce", "Ecommerce.csproj", "{ECA40EFE-D892-4A80-83AF-914BA79F2510}"
EndProject
Global
	GlobalSection(SolutionConfigurationPlatforms) = preSolution
		Debug|Any CPU = Debug|Any CPU
		Release|Any CPU = Release|Any CPU
	EndGlobalSection
	GlobalSection(ProjectConfigurationPlatforms) = postSolution
		{ECA40EFE-D892-4A80-83AF-914BA79F2510}.Debug|Any CPU.ActiveCfg = Debug|Any CPU
		{ECA40EFE-D892-4A80-83AF-914BA79F2510}.Debug|Any CPU.Build.0 = Debug|Any CPU
		{ECA40EFE-D892-4A80-83AF-914BA79F2510}.Release|Any CPU.ActiveCfg = Release|Any CPU
		{ECA40EFE-D892-4A80-83AF-914BA79F2510}.Release|Any CPU.Build.0 = Release|Any CPU
	EndGlobalSection
EndGlobal
